
Microsoft Visual Studio Solution File, Format Version 12.00
# Visual Studio 2013
VisualStudioVersion = 12.0.31101.0
MinimumVisualStudioVersion = 10.0.40219.1
Project("{FAE04EC0-301F-11D3-BF4B-00C04F79EFBC}") = "cRestify", "cRestify\cRestify.csproj", "{397D47B6-3AF3-441C-8B6E-50885F338248}"
EndProject
Project("{FAE04EC0-301F-11D3-BF4B-00C04F79EFBC}") = "cRestifyTest", "cRestifyTest\cRestifyTest.csproj", "{FAF37181-33B5-4482-B3F7-DC353C58FA9F}"
EndProject
Project("{FAE04EC0-301F-11D3-BF4B-00C04F79EFBC}") = "DevStore.Tdc.Api", "DevStore.Tdc\DevStore.Tdc.Api\DevStore.Tdc.Api.csproj", "{90517766-B35F-4C96-B3C2-22222403F22D}"
EndProject
Global
	GlobalSection(SolutionConfigurationPlatforms) = preSolution
		Debug|Any CPU = Debug|Any CPU
		Release|Any CPU = Release|Any CPU
	EndGlobalSection
	GlobalSection(ProjectConfigurationPlatforms) = postSolution
		{397D47B6-3AF3-441C-8B6E-50885F338248}.Debug|Any CPU.ActiveCfg = Debug|Any CPU
		{397D47B6-3AF3-441C-8B6E-50885F338248}.Debug|Any CPU.Build.0 = Debug|Any CPU
		{397D47B6-3AF3-441C-8B6E-50885F338248}.Release|Any CPU.ActiveCfg = Release|Any CPU
		{397D47B6-3AF3-441C-8B6E-50885F338248}.Release|Any CPU.Build.0 = Release|Any CPU
		{FAF37181-33B5-4482-B3F7-DC353C58FA9F}.Debug|Any CPU.ActiveCfg = Debug|Any CPU
		{FAF37181-33B5-4482-B3F7-DC353C58FA9F}.Debug|Any CPU.Build.0 = Debug|Any CPU
		{FAF37181-33B5-4482-B3F7-DC353C58FA9F}.Release|Any CPU.ActiveCfg = Release|Any CPU
		{FAF37181-33B5-4482-B3F7-DC353C58FA9F}.Release|Any CPU.Build.0 = Release|Any CPU
		{90517766-B35F-4C96-B3C2-22222403F22D}.Debug|Any CPU.ActiveCfg = Debug|Any CPU
		{90517766-B35F-4C96-B3C2-22222403F22D}.Debug|Any CPU.Build.0 = Debug|Any CPU
		{90517766-B35F-4C96-B3C2-22222403F22D}.Release|Any CPU.ActiveCfg = Release|Any CPU
		{90517766-B35F-4C96-B3C2-22222403F22D}.Release|Any CPU.Build.0 = Release|Any CPU
	EndGlobalSection
	GlobalSection(SolutionProperties) = preSolution
		HideSolutionNode = FALSE
	EndGlobalSection
EndGlobal
